
Microsoft Visual Studio Solution File, Format Version 12.00
# Visual Studio 2012
Project("{FAE04EC0-301F-11D3-BF4B-00C04F79EFBC}") = "SPtoolv2", "SPtoolv2\SPtoolv2.csproj", "{185CA03D-ACC6-40EC-B7CC-A186AAD67AB8}"
EndProject
Global
	GlobalSection(SolutionConfigurationPlatforms) = preSolution
		Debug|Any CPU = Debug|Any CPU
		Release|Any CPU = Release|Any CPU
	EndGlobalSection
	GlobalSection(ProjectConfigurationPlatforms) = postSolution
		{185CA03D-ACC6-40EC-B7CC-A186AAD67AB8}.Debug|Any CPU.ActiveCfg = Debug|Any CPU
		{185CA03D-ACC6-40EC-B7CC-A186AAD67AB8}.Debug|Any CPU.Build.0 = Debug|Any CPU
		{185CA03D-ACC6-40EC-B7CC-A186AAD67AB8}.Release|Any CPU.ActiveCfg = Release|Any CPU
		{185CA03D-ACC6-40EC-B7CC-A186AAD67AB8}.Release|Any CPU.Build.0 = Release|Any CPU
	EndGlobalSection
	GlobalSection(SolutionProperties) = preSolution
		HideSolutionNode = FALSE
	EndGlobalSection
EndGlobal
